
Microsoft Visual Studio Solution File, Format Version 12.00
Project("{FAE04EC0-301F-11D3-BF4B-00C04F79EFBC}") = "SeriesApi", "SeriesApi\SeriesApi.csproj", "{F823BC14-FD1F-4CB8-8EB2-307B2C3C03D8}"
EndProject
Global
	GlobalSection(SolutionConfigurationPlatforms) = preSolution
		Debug|Any CPU = Debug|Any CPU
		Release|Any CPU = Release|Any CPU
	EndGlobalSection
	GlobalSection(ProjectConfigurationPlatforms) = postSolution
		{F823BC14-FD1F-4CB8-8EB2-307B2C3C03D8}.Debug|Any CPU.ActiveCfg = Debug|Any CPU
		{F823BC14-FD1F-4CB8-8EB2-307B2C3C03D8}.Debug|Any CPU.Build.0 = Debug|Any CPU
		{F823BC14-FD1F-4CB8-8EB2-307B2C3C03D8}.Release|Any CPU.ActiveCfg = Release|Any CPU
		{F823BC14-FD1F-4CB8-8EB2-307B2C3C03D8}.Release|Any CPU.Build.0 = Release|Any CPU
	EndGlobalSection
EndGlobal
